
Microsoft Visual Studio Solution File, Format Version 12.00
# Visual Studio Version 17
VisualStudioVersion = 17.8.34316.72
MinimumVisualStudioVersion = 10.0.40219.1
Project("{FAE04EC0-301F-11D3-BF4B-00C04F79EFBC}") = "Büchersuche", "Büchersuche\Büchersuche.csproj", "{C9C48E0E-1DB0-4DF8-AAB7-A6C06FA5DEF3}"
EndProject
Global
	GlobalSection(SolutionConfigurationPlatforms) = preSolution
		Debug|Any CPU = Debug|Any CPU
		Release|Any CPU = Release|Any CPU
	EndGlobalSection
	GlobalSection(ProjectConfigurationPlatforms) = postSolution
		{C9C48E0E-1DB0-4DF8-AAB7-A6C06FA5DEF3}.Debug|Any CPU.ActiveCfg = Debug|Any CPU
		{C9C48E0E-1DB0-4DF8-AAB7-A6C06FA5DEF3}.Debug|Any CPU.Build.0 = Debug|Any CPU
		{C9C48E0E-1DB0-4DF8-AAB7-A6C06FA5DEF3}.Release|Any CPU.ActiveCfg = Release|Any CPU
		{C9C48E0E-1DB0-4DF8-AAB7-A6C06FA5DEF3}.Release|Any CPU.Build.0 = Release|Any CPU
	EndGlobalSection
	GlobalSection(SolutionProperties) = preSolution
		HideSolutionNode = FALSE
	EndGlobalSection
	GlobalSection(ExtensibilityGlobals) = postSolution
		SolutionGuid = {66051E00-E983-4ABA-9B9F-8EFCC5D5C2F6}
	EndGlobalSection
EndGlobal
